<?xml version="1.0" encoding="utf-8"?>
<Project ToolsVersion="17.0" xmlns="http://schemas.microsoft.com/developer/msbuild/2003">
  <ItemGroup>
    <CustomBuild Include="D:\dev\Plum-Pie\ProjectFiles\CMakeFiles\0bdd4f42966237e4e16dcefbb9be4079\uninstall.rule">
      <Filter>CMake Rules</Filter>
    </CustomBuild>
    <CustomBuild Include="D:\dev\Plum-Pie\ext\glm\CMakeLists.txt" />
  </ItemGroup>
  <ItemGroup>
    <None Include="D:\dev\Plum-Pie\ProjectFiles\ext\glm\CMakeFiles\uninstall" />
  </ItemGroup>
  <ItemGroup>
    <Filter Include="CMake Rules">
      <UniqueIdentifier>{68960337-8628-329D-9A7A-D0C2F927FB85}</UniqueIdentifier>
    </Filter>
  </ItemGroup>
</Project>
