<?xml version="1.0" encoding="utf-8"?>
<Project ToolsVersion="17.0" xmlns="http://schemas.microsoft.com/developer/msbuild/2003">
  <ItemGroup>
    <ClCompile Include="D:\dev\Plum-Pie\src\AppBase\AppBase.cpp">
      <Filter>src\AppBase</Filter>
    </ClCompile>
    <ClCompile Include="D:\dev\Plum-Pie\src\Debugging\Console.cpp">
      <Filter>src\Debugging</Filter>
    </ClCompile>
    <ClCompile Include="D:\dev\Plum-Pie\src\GLFWWrappers\KeyEvent.cpp">
      <Filter>src\GLFWWrappers</Filter>
    </ClCompile>
    <ClCompile Include="D:\dev\Plum-Pie\src\GLFWWrappers\MouseEvent.cpp">
      <Filter>src\GLFWWrappers</Filter>
    </ClCompile>
    <ClCompile Include="D:\dev\Plum-Pie\src\GLFWWrappers\ResizeEvent.cpp">
      <Filter>src\GLFWWrappers</Filter>
    </ClCompile>
    <ClCompile Include="D:\dev\Plum-Pie\src\GLFWWrappers\Window.cpp">
      <Filter>src\GLFWWrappers</Filter>
    </ClCompile>
    <ClCompile Include="D:\dev\Plum-Pie\src\Graphics\Camera.cpp">
      <Filter>src\Graphics</Filter>
    </ClCompile>
    <ClCompile Include="D:\dev\Plum-Pie\src\Graphics\Mesh.cpp">
      <Filter>src\Graphics</Filter>
    </ClCompile>
    <ClCompile Include="D:\dev\Plum-Pie\src\STBWrappers\Image.cpp">
      <Filter>src\STBWrappers</Filter>
    </ClCompile>
    <ClCompile Include="D:\dev\Plum-Pie\src\STBWrappers\stb.cpp">
      <Filter>src\STBWrappers</Filter>
    </ClCompile>
    <ClCompile Include="D:\dev\Plum-Pie\src\main.cpp">
      <Filter>src</Filter>
    </ClCompile>
  </ItemGroup>
  <ItemGroup>
    <ClInclude Include="D:\dev\Plum-Pie\src\AppBase\AppBase.hpp">
      <Filter>src\AppBase</Filter>
    </ClInclude>
    <ClInclude Include="D:\dev\Plum-Pie\src\Core\EventSystem\Event.hpp">
      <Filter>src\Core\EventSystem</Filter>
    </ClInclude>
    <ClInclude Include="D:\dev\Plum-Pie\src\Core\EventSystem\EventManager.hpp">
      <Filter>src\Core\EventSystem</Filter>
    </ClInclude>
    <ClInclude Include="D:\dev\Plum-Pie\src\Core\Renderer.hpp">
      <Filter>src\Core</Filter>
    </ClInclude>
    <ClInclude Include="D:\dev\Plum-Pie\src\Core\Shader.hpp">
      <Filter>src\Core</Filter>
    </ClInclude>
    <ClInclude Include="D:\dev\Plum-Pie\src\Core\ShaderProgram.hpp">
      <Filter>src\Core</Filter>
    </ClInclude>
    <ClInclude Include="D:\dev\Plum-Pie\src\Core\Texture.hpp">
      <Filter>src\Core</Filter>
    </ClInclude>
    <ClInclude Include="D:\dev\Plum-Pie\src\Debugging\Console.hpp">
      <Filter>src\Debugging</Filter>
    </ClInclude>
    <ClInclude Include="D:\dev\Plum-Pie\src\Debugging\Debug.hpp">
      <Filter>src\Debugging</Filter>
    </ClInclude>
    <ClInclude Include="D:\dev\Plum-Pie\src\GLFWWrappers\Keyboard.hpp">
      <Filter>src\GLFWWrappers</Filter>
    </ClInclude>
    <ClInclude Include="D:\dev\Plum-Pie\src\GLFWWrappers\KeyEvent.hpp">
      <Filter>src\GLFWWrappers</Filter>
    </ClInclude>
    <ClInclude Include="D:\dev\Plum-Pie\src\GLFWWrappers\Mouse.hpp">
      <Filter>src\GLFWWrappers</Filter>
    </ClInclude>
    <ClInclude Include="D:\dev\Plum-Pie\src\GLFWWrappers\MouseEvent.hpp">
      <Filter>src\GLFWWrappers</Filter>
    </ClInclude>
    <ClInclude Include="D:\dev\Plum-Pie\src\GLFWWrappers\ResizeEvent.hpp">
      <Filter>src\GLFWWrappers</Filter>
    </ClInclude>
    <ClInclude Include="D:\dev\Plum-Pie\src\GLFWWrappers\Window.hpp">
      <Filter>src\GLFWWrappers</Filter>
    </ClInclude>
    <ClInclude Include="D:\dev\Plum-Pie\src\Graphics\Camera.hpp">
      <Filter>src\Graphics</Filter>
    </ClInclude>
    <ClInclude Include="D:\dev\Plum-Pie\src\Graphics\Mesh.hpp">
      <Filter>src\Graphics</Filter>
    </ClInclude>
    <ClInclude Include="D:\dev\Plum-Pie\src\Graphics\Vertex.hpp">
      <Filter>src\Graphics</Filter>
    </ClInclude>
    <ClInclude Include="D:\dev\Plum-Pie\src\STBWrappers\Image.hpp">
      <Filter>src\STBWrappers</Filter>
    </ClInclude>
  </ItemGroup>
  <ItemGroup>
    <CustomBuild Include="D:\dev\Plum-Pie\CMakeLists.txt" />
  </ItemGroup>
  <ItemGroup>
    <Filter Include="src">
      <UniqueIdentifier>{0FD59CCA-DAC5-3966-90B4-C2607B27FCF3}</UniqueIdentifier>
    </Filter>
    <Filter Include="src\AppBase">
      <UniqueIdentifier>{740D3473-2B95-3578-98F5-FA8D60D711F9}</UniqueIdentifier>
    </Filter>
    <Filter Include="src\Core">
      <UniqueIdentifier>{80763FF4-6450-32B7-8319-F2009D6C7F87}</UniqueIdentifier>
    </Filter>
    <Filter Include="src\Core\EventSystem">
      <UniqueIdentifier>{2471C6FE-F6F6-3B07-9914-D95605B34C95}</UniqueIdentifier>
    </Filter>
    <Filter Include="src\Debugging">
      <UniqueIdentifier>{D82AE3C5-ABCE-3721-AF9A-7C908EDF5850}</UniqueIdentifier>
    </Filter>
    <Filter Include="src\GLFWWrappers">
      <UniqueIdentifier>{A6799CD4-3524-3E4F-9FE1-679D8F2FDA66}</UniqueIdentifier>
    </Filter>
    <Filter Include="src\Graphics">
      <UniqueIdentifier>{F5BE5FD7-0CB6-3783-BA2A-061E4ADD2670}</UniqueIdentifier>
    </Filter>
    <Filter Include="src\STBWrappers">
      <UniqueIdentifier>{604903BB-7CF0-3599-AA15-B4F39C430694}</UniqueIdentifier>
    </Filter>
  </ItemGroup>
</Project>
