<?xml version="1.0" encoding="utf-8"?>
<Project ToolsVersion="4.0" xmlns="http://schemas.microsoft.com/developer/msbuild/2003">
  <ItemGroup>
    <Filter Include="src">
      <UniqueIdentifier>{4871d8a5-f82c-4f67-b715-c1d001597931}</UniqueIdentifier>
    </Filter>
    <Filter Include="src\GLFW Wrappers">
      <UniqueIdentifier>{9317eb66-b5a9-4ba4-a14c-34eba6c636a0}</UniqueIdentifier>
    </Filter>
    <Filter Include="src\AppBase">
      <UniqueIdentifier>{f570742c-ab18-47e8-85e0-99b9c4f0cf82}</UniqueIdentifier>
    </Filter>
    <Filter Include="src\Core">
      <UniqueIdentifier>{90355e35-77ad-4012-b203-7f6b18344eaa}</UniqueIdentifier>
    </Filter>
    <Filter Include="src\Graphics">
      <UniqueIdentifier>{833aac70-1b9d-43e7-8762-f480f273d522}</UniqueIdentifier>
    </Filter>
  </ItemGroup>
  <ItemGroup>
    <ClCompile Include="src\main.cpp">
      <Filter>src</Filter>
    </ClCompile>
    <ClCompile Include="src\GLFWWrappers\Window.cpp">
      <Filter>src\GLFW Wrappers</Filter>
    </ClCompile>
    <ClCompile Include="src\AppBase\AppBase.cpp">
      <Filter>src\AppBase</Filter>
    </ClCompile>
    <ClCompile Include="src\Core\Camera.cpp">
      <Filter>src\Core</Filter>
    </ClCompile>
    <ClCompile Include="src\Core\OpenGL\OpenGLRenderer.cpp">
      <Filter>src\Core</Filter>
    </ClCompile>
    <ClCompile Include="src\Core\OpenGL\GLShader.cpp">
      <Filter>src\Core</Filter>
    </ClCompile>
    <ClCompile Include="src\Core\OpenGL\GLShaderProgram.cpp">
      <Filter>src\Core</Filter>
    </ClCompile>
    <ClCompile Include="src\Core\OpenGL\VertexArrayObject.cpp">
      <Filter>src\Core</Filter>
    </ClCompile>
    <ClCompile Include="src\Graphics\Mesh.cpp">
      <Filter>src\Graphics</Filter>
    </ClCompile>
    <ClCompile Include="src\Debugging\Console.cpp" />
    <ClCompile Include="src\Core\Renderer.cpp" />
  </ItemGroup>
  <ItemGroup>
    <ClInclude Include="src\AppBase\AppBase.hpp">
      <Filter>src\AppBase</Filter>
    </ClInclude>
    <ClInclude Include="src\GLFWWrappers\Window.hpp">
      <Filter>src\GLFW Wrappers</Filter>
    </ClInclude>
    <ClInclude Include="src\Core\Camera.hpp">
      <Filter>src\Core</Filter>
    </ClInclude>
    <ClInclude Include="src\Core\OpenGL\OpenGLRenderer.hpp">
      <Filter>src\Core</Filter>
    </ClInclude>
    <ClInclude Include="src\Core\OpenGL\GLShader.hpp">
      <Filter>src\Core</Filter>
    </ClInclude>
    <ClInclude Include="src\Core\OpenGL\GLShaderProgram.hpp">
      <Filter>src\Core</Filter>
    </ClInclude>
    <ClInclude Include="src\Core\OpenGL\VertexArrayObject.hpp">
      <Filter>src\Core</Filter>
    </ClInclude>
    <ClInclude Include="src\Graphics\Mesh.hpp">
      <Filter>src\Graphics</Filter>
    </ClInclude>
    <ClInclude Include="src\Graphics\Vertex.hpp">
      <Filter>src\Graphics</Filter>
    </ClInclude>
    <ClInclude Include="src\Debugging\Console.hpp" />
    <ClInclude Include="src\Core\Renderer.hpp" />
    <ClInclude Include="src\Core\ShaderProgram.hpp" />
    <ClInclude Include="src\Core\Shader.hpp" />
  </ItemGroup>
</Project>