<?xml version="1.0" encoding="utf-8"?>
<Project ToolsVersion="4.0" xmlns="http://schemas.microsoft.com/developer/msbuild/2003">
  <ItemGroup>
    <Filter Include="src">
      <UniqueIdentifier>{4871d8a5-f82c-4f67-b715-c1d001597931}</UniqueIdentifier>
    </Filter>
    <Filter Include="src\PlumPie">
      <UniqueIdentifier>{f570742c-ab18-47e8-85e0-99b9c4f0cf82}</UniqueIdentifier>
    </Filter>
    <Filter Include="src\GLFW Wrappers">
      <UniqueIdentifier>{9317eb66-b5a9-4ba4-a14c-34eba6c636a0}</UniqueIdentifier>
    </Filter>
  </ItemGroup>
  <ItemGroup>
    <ClCompile Include="src\main.cpp">
      <Filter>src</Filter>
    </ClCompile>
    <ClCompile Include="src\GLFWWrappers\Window.cpp">
      <Filter>src\GLFW Wrappers</Filter>
    </ClCompile>
    <ClCompile Include="src\Renderer\Renderer.cpp" />
    <ClCompile Include="src\3DObjects\Mesh.cpp" />
    <ClCompile Include="src\Renderer\VertexArrayObject.cpp" />
    <ClCompile Include="src\Renderer\VertexBufferObjectManager.cpp" />
    <ClCompile Include="src\Renderer\Shader.cpp" />
    <ClCompile Include="src\Renderer\Program.cpp" />
    <ClCompile Include="src\AppBase\AppBase.cpp" />
  </ItemGroup>
  <ItemGroup>
    <ClInclude Include="src\AppBase\AppBase.hpp">
      <Filter>src\PlumPie</Filter>
    </ClInclude>
    <ClInclude Include="src\GLFWWrappers\Window.hpp">
      <Filter>src\GLFW Wrappers</Filter>
    </ClInclude>
    <ClInclude Include="src\Renderer\Renderer.hpp" />
    <ClInclude Include="src\3DObjects\Vertex.hpp" />
    <ClInclude Include="src\3DObjects\Mesh.hpp" />
    <ClInclude Include="src\Types.hpp" />
    <ClInclude Include="src\Renderer\VertexArrayObject.hpp" />
    <ClInclude Include="src\Renderer\VertexBufferObjectManager.hpp" />
    <ClInclude Include="src\Renderer\Shader.hpp" />
    <ClInclude Include="src\Renderer\Program.hpp" />
  </ItemGroup>
  <ItemGroup>
    <None Include="src\vertex_shader.glsl" />
    <None Include="src\fragment_shader.glsl" />
  </ItemGroup>
</Project>