<?xml version="1.0" encoding="utf-8"?>
<Project ToolsVersion="17.0" xmlns="http://schemas.microsoft.com/developer/msbuild/2003">
  <ItemGroup>
    <CustomBuild Include="D:\dev\Plum-Pie\ProjectFiles\CMakeFiles\a4ac9aac88bb99c56c35463f66d1740a\INSTALL_force.rule">
      <Filter>CMake Rules</Filter>
    </CustomBuild>
  </ItemGroup>
  <ItemGroup>
    <Filter Include="CMake Rules">
      <UniqueIdentifier>{68960337-8628-329D-9A7A-D0C2F927FB85}</UniqueIdentifier>
    </Filter>
  </ItemGroup>
</Project>
